github.com/AllenDang/w32 v0.0.0-20180428130237-ad0a36d80adc h1:w3fW4b1hPf6/cfdQQ/vu9V8eBeQmuLZIaUMj81nIzYQ=
github.com/AllenDang/w32 v0.0.0-20180428130237-ad0a36d80adc/go.mod h1:1rHKulT5eD2DzdKxDXUZRKtBfkTzLmTL42ZmEmOfyrs=
github.com/BurntSushi/toml v0.3.1 h1:WXkYYl6Yr3qBf1K79EBnL4mak0OimBfB0XUf9Vl28OQ=
github.com/BurntSushi/toml v0.3.1/go.mod h1:xHWCNGjB5oqiDr8zfno3MHue2Ht5sIBksp03qcyfWMU=
github.com/davecgh/go-spew v1.1.0/go.mod h1:J7Y8YcW2NihsgmVo/mv3lAwl/skON4iLHjSsI+c5H38=
github.com/davecgh/go-spew v1.1.1 h1:vj9j/u1bqnvCEfJOwUhtlOARqs3+rkHYY13jYWTU97c=
github.com/davecgh/go-spew v1.1.1/go.mod h1:J7Y8YcW2NihsgmVo/mv3lAwl/skON4iLHjSsI+c5H38=
github.com/fsnotify/fsnotify v1.4.7 h1:IXs+QLmnXW2CcXuY+8Mzv/fWEsPGWxqefPtCP5CnV9I=
github.com/fsnotify/fsnotify v1.4.7/go.mod h1:jwhsz4b93w/PPRr/qN1Yymfu8t87LnFCMoQvtojpjFo=
github.com/go-sql-driver/mysql v1.4.1/go.mod h1:zAC/RDZ24gD3HViQzih4MyKcchzm+sOG5ZlKdlhCg5w=
github.com/golang/protobuf v1.2.0 h1:P3YflyNX/ehuJFLhxviNdFxQPkGK5cDcApsge1SqnvM=
github.com/golang/protobuf v1.2.0/go.mod h1:6lQm79b+lXiMfvg/cZm0SGofjICqVBUtrP5yJMmIC1U=
github.com/hpcloud/tail v1.0.0 h1:nfCOvKYfkgYP8hkirhJocXT2+zOD8yUNjXaWfTlyFKI=
github.com/hpcloud/tail v1.0.0/go.mod h1:ab1qPbhIpdTxEkNHXyeSf5vhxWSCs/tWer42PpOxQnU=
github.com/jehiah/go-strftime v0.0.0-20171201141054-1d33003b3869 h1:IPJ3dvxmJ4uczJe5YQdrYB16oTJlGSC/OyZDqUk9xX4=
github.com/jehiah/go-strftime v0.0.0-20171201141054-1d33003b3869/go.mod h1:cJ6Cj7dQo+O6GJNiMx+Pa94qKj+TG8ONdKHgMNIyyag=
github.com/jmespath/go-jmespath v0.0.0-20180206201540-c2b33e8439af h1:pmfjZENx5imkbgOkpRUYLnmbU7UEFbjtDA2hxJ1ichM=
github.com/jmespath/go-jmespath v0.0.0-20180206201540-c2b33e8439af/go.mod h1:Nht3zPeWKUH0NzdCt2Blrr5ys8VGpn0CEB0cQHVjt7k=
github.com/journeymidnight/aws-sdk-go v1.18.1 h1:/dv12U8x+EHVEmW66rXtI00Do+ZMREGitokPGMpUalc=
github.com/journeymidnight/aws-sdk-go v1.18.1/go.mod h1:on1A11DghtZvaybRzuiHW6fqTXv2RPjFTx6OhMc8sZc=
github.com/koofr/go-cryptoutils v0.0.0-20151104083704-fe224388747f h1:gIGkmbVGurfwh12Cng+9wEMJrNr5sliN+eqniEpJh4w=
github.com/koofr/go-cryptoutils v0.0.0-20151104083704-fe224388747f/go.mod h1:55h7D++0OBwGe7lXoI6sXj1rcjttP3XYvUvoGzRuZhA=
github.com/koofr/go-ioutils v0.0.0-20190424123154-969831bf6ea6 h1:U6eGi485VT+YNTKj+UmVTMSS9u3uX/AJdObyxb47kVU=
github.com/koofr/go-ioutils v0.0.0-20190424123154-969831bf6ea6/go.mod h1:BDwOCSXPNBDjXZ4AoTzp+WmmjfWWYGX0uALf7IuQ2pY=
github.com/koofr/go-netutils v0.0.0-20150109181258-a882ff2660b6 h1:y+TG7IwagsvCSLOd5QKCEInabOmbjeNxQFUhx5BaX7A=
github.com/koofr/go-netutils v0.0.0-20150109181258-a882ff2660b6/go.mod h1:p78zyqC82aE/U1IBJqr4wFlPnv55YuGOoqcmb00tpI4=
github.com/koofr/goevent v0.0.0-20190411061608-060d2fb163eb h1:GSXg859s6m+MK1+aeZMe52pLtWOOwqfJgZcYEjqWLOI=
github.com/koofr/goevent v0.0.0-20190411061608-060d2fb163eb/go.mod h1:zBQXgr68++D5/kgnCW/pLYdT6hMAuThU2EeO2jh7k+k=
github.com/koofr/graval v0.0.0-20171012130905-a47c49a8a529 h1:fT80m8IHhOp44G18jDamQESvTegxWI5XpoFBc4Mu2Ag=
github.com/koofr/graval v0.0.0-20171012130905-a47c49a8a529/go.mod h1:ikc8o8fdpYw7u5qi1eHrfRYi9EYZdnNw/W6sy+tMrs0=
github.com/koofr/pb v0.0.0-20130927161634-0ccf57bef0b6 h1:qsVL72LmVz0qrnTR/M7hYSziAMjGuFKBs9AOgBHCNzI=
github.com/koofr/pb v0.0.0-20130927161634-0ccf57bef0b6/go.mod h1:ujpLybcBpDfIhg4kX2jRznnIVW3w3dxKxoXzDTN45aM=
github.com/onsi/ginkgo v1.6.0/go.mod h1:lLunBs/Ym6LB5Z9jYTR76FiuTmxDTDusOGeTQH+WWjE=
github.com/onsi/ginkgo v1.11.0 h1:JAKSXpt1YjtLA7YpPiqO9ss6sNXEsPfSGdwN0UHqzrw=
github.com/onsi/ginkgo v1.11.0/go.mod h1:lLunBs/Ym6LB5Z9jYTR76FiuTmxDTDusOGeTQH+WWjE=
github.com/onsi/gomega v1.8.1 h1:C5Dqfs/LeauYDX0jJXIe2SWmwCbGzx9yF8C8xy3Lh34=
github.com/onsi/gomega v1.8.1/go.mod h1:Ho0h+IUsWyvy1OpqCwxlQ/21gkhVunqlU8fDGcoTdcA=
github.com/pkg/errors v0.8.1/go.mod h1:bwawxfHBFNV+L2hUp1rHADufV3IMtnDRdf1r5NINEl0=
github.com/pmezard/go-difflib v1.0.0 h1:4DBwDE0NGyQoBHbLQYPwSUPoCMWR5BEzIk/f1lZbAQM=
github.com/pmezard/go-difflib v1.0.0/go.mod h1:iKH77koFhYxTK1pcRnkKkqfTogsbg7gZNVY4sRDYZ/4=
github.com/stretchr/objx v0.1.0/go.mod h1:HFkY916IF+rwdDfMAkV7OtwuqBVzrE8GR6GFx+wExME=
github.com/stretchr/objx v0.2.0/go.mod h1:qt09Ya8vawLte6SNmTgCsAVtYtaKzEcn8ATUoHMkEqE=
github.com/stretchr/testify v1.3.0 h1:TivCn/peBQ7UY8ooIcPgZFpTNSz0Q2U6UrFlUfqbe0Q=
github.com/stretchr/testify v1.3.0/go.mod h1:M5WIy9Dh21IEIfnGCwXGc5bZfKNJtfHm1UVUgZn+9EI=
golang.org/x/crypto v0.0.0-20190308221718-c2843e01d9a2/go.mod h1:djNgcEr1/C05ACkg1iLfiJU5Ep61QUkGW8qpdssI0+w=
golang.org/x/net v0.0.0-20180906233101-161cd47e91fd/go.mod h1:mL1N/T3taQHkDXs73rZJwtUhF3w3ftmwwsq0BUmARs4=
golang.org/x/net v0.0.0-20191014212845-da9a3fd4c582 h1:p9xBe/w/OzkeYVKm234g55gMdD1nSIooTir5kV11kfA=
golang.org/x/net v0.0.0-20191014212845-da9a3fd4c582/go.mod h1:z5CRVTTTmAJ677TzLLGU+0bjPO0LkuOLi4/5GtJWs/s=
golang.org/x/sync v0.0.0-20180314180146-1d60e4601c6f/go.mod h1:RxMgew5VJxzue5/jJTE5uejpjVlOe/izrB70Jof72aM=
golang.org/x/sys v0.0.0-20180909124046-d0be0721c37e/go.mod h1:STP8DvDyc/dI5b8T5hshtkjS+E42TnysNCUPdjciGhY=
golang.org/x/sys v0.0.0-20190215142949-d0b11bdaac8a h1:1BGLXjeY4akVXGgbC9HugT3Jv3hCI0z56oJR5vAMgBU=
golang.org/x/sys v0.0.0-20190215142949-d0b11bdaac8a/go.mod h1:STP8DvDyc/dI5b8T5hshtkjS+E42TnysNCUPdjciGhY=
golang.org/x/text v0.3.0 h1:g61tztE5qeGQ89tm6NTjjM9VPIm088od1l6aSorWRWg=
golang.org/x/text v0.3.0/go.mod h1:NqM8EUOU14njkJ3fqMW+pc6Ldnwhi/IjpwHt7yyuwOQ=
golang.org/x/xerrors v0.0.0-20190717185122-a985d3407aa7/go.mod h1:I/5z698sn9Ka8TeJc9MKroUUfqBBauWjQqLJ2OPfmY0=
gopkg.in/check.v1 v0.0.0-20161208181325-20d25e280405 h1:yhCVgyC4o1eVCa2tZl7eS0r+SDo693bJlVdllGtEeKM=
gopkg.in/check.v1 v0.0.0-20161208181325-20d25e280405/go.mod h1:Co6ibVJAznAaIkqp8huTwlJQCZ016jof/cbN4VW5Yz0=
gopkg.in/fsnotify.v1 v1.4.7 h1:xOHLXZwVvI9hhs+cLKq5+I5onOuwQLhQwiu63xxlHs4=
gopkg.in/fsnotify.v1 v1.4.7/go.mod h1:Tz8NjZHkW78fSQdbUxIjBTcgA1z1m8ZHf0WmKUhAMys=
gopkg.in/tomb.v1 v1.0.0-20141024135613-dd632973f1e7 h1:uRGJdciOHaEIrze2W8Q3AKkepLTh2hOroT7a+7czfdQ=
gopkg.in/tomb.v1 v1.0.0-20141024135613-dd632973f1e7/go.mod h1:dt/ZhP58zS4L8KSrWDmTeBkI65Dw0HsyUHuEVlX15mw=
gopkg.in/yaml.v2 v2.2.4 h1:/eiJrUcujPVeJ3xlSWaiNi3uSVmDGBK1pDHUHAnao1I=
gopkg.in/yaml.v2 v2.2.4/go.mod h1:hI93XBmqTisBFMUTm0b8Fm+jr3Dg1NNxqwp+5A1VGuI=
